// !$*UTF8*$!
{
	archiveVersion = 1;
	classes = {
	};
	objectVersion = 46;
	objects = {

/* Begin PBXBuildFile section */
		0E0DEFFD8C00D7535D305855 /* Pods_gazette.framework in Frameworks */ = {isa = PBXBuildFile; fileRef = 1D4C615E9AE0F49093A2370A /* Pods_gazette.framework */; };
		841BC1101ED2C7300074D8D4 /* ApnsUtil.swift in Sources */ = {isa = PBXBuildFile; fileRef = 841BC10F1ED2C7300074D8D4 /* ApnsUtil.swift */; };
		845A8DF61EAB2EE00006E5FF /* Constants.swift in Sources */ = {isa = PBXBuildFile; fileRef = 845A8DF51EAB2EE00006E5FF /* Constants.swift */; };
		845A8DF91EAB2F2E0006E5FF /* IOSUtil.swift in Sources */ = {isa = PBXBuildFile; fileRef = 845A8DF71EAB2F2E0006E5FF /* IOSUtil.swift */; };
		845A8DFA1EAB2F2E0006E5FF /* RestHelper.swift in Sources */ = {isa = PBXBuildFile; fileRef = 845A8DF81EAB2F2E0006E5FF /* RestHelper.swift */; };
		845A8DFD1EAB321E0006E5FF /* CustomNavBar.swift in Sources */ = {isa = PBXBuildFile; fileRef = 845A8DFC1EAB321E0006E5FF /* CustomNavBar.swift */; };
		845A8DFF1EAB32450006E5FF /* CustomNavigationItem.swift in Sources */ = {isa = PBXBuildFile; fileRef = 845A8DFE1EAB32450006E5FF /* CustomNavigationItem.swift */; };
		845A8E031EAB381D0006E5FF /* Localizable.strings in Resources */ = {isa = PBXBuildFile; fileRef = 845A8E051EAB381D0006E5FF /* Localizable.strings */; };
		845A8E081EAB399B0006E5FF /* ImagePickerUtil.swift in Sources */ = {isa = PBXBuildFile; fileRef = 845A8E071EAB399B0006E5FF /* ImagePickerUtil.swift */; };
		845A8E0A1EAB3A0D0006E5FF /* DateUtil.swift in Sources */ = {isa = PBXBuildFile; fileRef = 845A8E091EAB3A0D0006E5FF /* DateUtil.swift */; };
		845A8E0C1EAB3A410006E5FF /* StringUtil.swift in Sources */ = {isa = PBXBuildFile; fileRef = 845A8E0B1EAB3A410006E5FF /* StringUtil.swift */; };
		845A8E0E1EAB3A8D0006E5FF /* PhoneUtil.swift in Sources */ = {isa = PBXBuildFile; fileRef = 845A8E0D1EAB3A8D0006E5FF /* PhoneUtil.swift */; };
		845A8E101EAB3AAF0006E5FF /* ContactsProvider.swift in Sources */ = {isa = PBXBuildFile; fileRef = 845A8E0F1EAB3AAF0006E5FF /* ContactsProvider.swift */; };
		845A8E131EAB3E5A0006E5FF /* TabBarController.swift in Sources */ = {isa = PBXBuildFile; fileRef = 845A8E121EAB3E5A0006E5FF /* TabBarController.swift */; };
		845A8E151EAB405A0006E5FF /* CurrentUser.swift in Sources */ = {isa = PBXBuildFile; fileRef = 845A8E141EAB405A0006E5FF /* CurrentUser.swift */; };
		845A8E171EAB43730006E5FF /* Gandom.ttf in Resources */ = {isa = PBXBuildFile; fileRef = 845A8E161EAB43730006E5FF /* Gandom.ttf */; };
		845A8E1B1EAB536B0006E5FF /* NSBundle+Language.m in Sources */ = {isa = PBXBuildFile; fileRef = 845A8E1A1EAB536B0006E5FF /* NSBundle+Language.m */; };
		845A8E1E1EAB5B3B0006E5FF /* NewViewController.swift in Sources */ = {isa = PBXBuildFile; fileRef = 845A8E1D1EAB5B3B0006E5FF /* NewViewController.swift */; };
		845A8E201EAB5B550006E5FF /* ValidateViewController.swift in Sources */ = {isa = PBXBuildFile; fileRef = 845A8E1F1EAB5B550006E5FF /* ValidateViewController.swift */; };
		845A8E221EAB5C850006E5FF /* HomeViewController.swift in Sources */ = {isa = PBXBuildFile; fileRef = 845A8E211EAB5C850006E5FF /* HomeViewController.swift */; };
		845A8E241EAB5C980006E5FF /* ProfileViewController.swift in Sources */ = {isa = PBXBuildFile; fileRef = 845A8E231EAB5C980006E5FF /* ProfileViewController.swift */; };
		845A8E261EAB5CA90006E5FF /* MainViewController.swift in Sources */ = {isa = PBXBuildFile; fileRef = 845A8E251EAB5CA90006E5FF /* MainViewController.swift */; };
		845A8E281EAB5CC40006E5FF /* SignupViewController.swift in Sources */ = {isa = PBXBuildFile; fileRef = 845A8E271EAB5CC40006E5FF /* SignupViewController.swift */; };
		845A8E2C1EAB5D910006E5FF /* Dao.swift in Sources */ = {isa = PBXBuildFile; fileRef = 845A8E2B1EAB5D910006E5FF /* Dao.swift */; };
		845A8E2F1EAB5DB10006E5FF /* BaseEntity.swift in Sources */ = {isa = PBXBuildFile; fileRef = 845A8E2E1EAB5DB10006E5FF /* BaseEntity.swift */; };
		845A8E311EAB5E250006E5FF /* Transaction.swift in Sources */ = {isa = PBXBuildFile; fileRef = 845A8E301EAB5E250006E5FF /* Transaction.swift */; };
		845A8E341EAB5F270006E5FF /* TransactionDao.swift in Sources */ = {isa = PBXBuildFile; fileRef = 845A8E331EAB5F270006E5FF /* TransactionDao.swift */; };
		845A8E391EAB6D940006E5FF /* ActionData.swift in Sources */ = {isa = PBXBuildFile; fileRef = 845A8E361EAB6D940006E5FF /* ActionData.swift */; };
		845A8E3A1EAB6D940006E5FF /* Skype.swift in Sources */ = {isa = PBXBuildFile; fileRef = 845A8E371EAB6D940006E5FF /* Skype.swift */; };
		845A8E3B1EAB6D940006E5FF /* SkypeCell.xib in Resources */ = {isa = PBXBuildFile; fileRef = 845A8E381EAB6D940006E5FF /* SkypeCell.xib */; };
		845A8E3E1EAB70E90006E5FF /* HomePresenter.swift in Sources */ = {isa = PBXBuildFile; fileRef = 845A8E3D1EAB70E90006E5FF /* HomePresenter.swift */; };
		845C3F571EAB2A0C00BFD608 /* AppDelegate.swift in Sources */ = {isa = PBXBuildFile; fileRef = 845C3F561EAB2A0C00BFD608 /* AppDelegate.swift */; };
		845C3F5C1EAB2A0C00BFD608 /* Main.storyboard in Resources */ = {isa = PBXBuildFile; fileRef = 845C3F5A1EAB2A0C00BFD608 /* Main.storyboard */; };
		845C3F5E1EAB2A0C00BFD608 /* Assets.xcassets in Resources */ = {isa = PBXBuildFile; fileRef = 845C3F5D1EAB2A0C00BFD608 /* Assets.xcassets */; };
		845C3F611EAB2A0C00BFD608 /* LaunchScreen.storyboard in Resources */ = {isa = PBXBuildFile; fileRef = 845C3F5F1EAB2A0C00BFD608 /* LaunchScreen.storyboard */; };
		8466096C1EAB747B00FD532F /* TransactionCell.swift in Sources */ = {isa = PBXBuildFile; fileRef = 8466096B1EAB747B00FD532F /* TransactionCell.swift */; };
		8466096F1EAB8D1D00FD532F /* MVPProtocol.swift in Sources */ = {isa = PBXBuildFile; fileRef = 8466096E1EAB8D1D00FD532F /* MVPProtocol.swift */; };
		846609711EAB8D9D00FD532F /* NewPresenter.swift in Sources */ = {isa = PBXBuildFile; fileRef = 846609701EAB8D9D00FD532F /* NewPresenter.swift */; };
		846609731EAB8DF800FD532F /* ProfilePresenter.swift in Sources */ = {isa = PBXBuildFile; fileRef = 846609721EAB8DF800FD532F /* ProfilePresenter.swift */; };
		846609751EAB8E0E00FD532F /* ValidatePresenter.swift in Sources */ = {isa = PBXBuildFile; fileRef = 846609741EAB8E0E00FD532F /* ValidatePresenter.swift */; };
		846609771EAB8E1700FD532F /* SignupPresenter.swift in Sources */ = {isa = PBXBuildFile; fileRef = 846609761EAB8E1700FD532F /* SignupPresenter.swift */; };
		847D4A6C1EACAA9100766FA2 /* TutorialViewController.swift in Sources */ = {isa = PBXBuildFile; fileRef = 847D4A6B1EACAA9100766FA2 /* TutorialViewController.swift */; };
		847D4A6E1EACB69300766FA2 /* Events.swift in Sources */ = {isa = PBXBuildFile; fileRef = 847D4A6D1EACB69300766FA2 /* Events.swift */; };
		847D4A701EACB93C00766FA2 /* LastTutorialViewController.swift in Sources */ = {isa = PBXBuildFile; fileRef = 847D4A6F1EACB93C00766FA2 /* LastTutorialViewController.swift */; };
		8499153B1EAC7BED000510B3 /* ShareViewController.swift in Sources */ = {isa = PBXBuildFile; fileRef = 8499153A1EAC7BED000510B3 /* ShareViewController.swift */; };
		8499153D1EAC7BF9000510B3 /* SharePresenter.swift in Sources */ = {isa = PBXBuildFile; fileRef = 8499153C1EAC7BF9000510B3 /* SharePresenter.swift */; };
		849915431EAC995A000510B3 /* EditProfileViewController.swift in Sources */ = {isa = PBXBuildFile; fileRef = 849915421EAC995A000510B3 /* EditProfileViewController.swift */; };
		84E761B51EB5CA5500E0FE7D /* KMPlaceholderTextView.swift in Sources */ = {isa = PBXBuildFile; fileRef = 84E761B41EB5CA5500E0FE7D /* KMPlaceholderTextView.swift */; };
		84E761B91EB5CAAB00E0FE7D /* CryptoUtil.swift in Sources */ = {isa = PBXBuildFile; fileRef = 84E761B61EB5CAAB00E0FE7D /* CryptoUtil.swift */; };
		84E761BA1EB5CAAB00E0FE7D /* SkyFloatingLabelTextField.swift in Sources */ = {isa = PBXBuildFile; fileRef = 84E761B71EB5CAAB00E0FE7D /* SkyFloatingLabelTextField.swift */; };
		84E761BB1EB5CAAB00E0FE7D /* SkyFloatingLabelTextFieldWithIcon.swift in Sources */ = {isa = PBXBuildFile; fileRef = 84E761B81EB5CAAB00E0FE7D /* SkyFloatingLabelTextFieldWithIcon.swift */; };
		84E761CE1EB5DC3F00E0FE7D /* UIImage+ImageLoader.swift in Sources */ = {isa = PBXBuildFile; fileRef = 84E761CC1EB5DC3F00E0FE7D /* UIImage+ImageLoader.swift */; };
		84E761CF1EB5DC3F00E0FE7D /* UIImageView+ImageLoader.swift in Sources */ = {isa = PBXBuildFile; fileRef = 84E761CD1EB5DC3F00E0FE7D /* UIImageView+ImageLoader.swift */; };
		84E761D81EB5DC4D00E0FE7D /* Disk.swift in Sources */ = {isa = PBXBuildFile; fileRef = 84E761D01EB5DC4D00E0FE7D /* Disk.swift */; };
		84E761D91EB5DC4D00E0FE7D /* HashStorage.swift in Sources */ = {isa = PBXBuildFile; fileRef = 84E761D11EB5DC4D00E0FE7D /* HashStorage.swift */; };
		84E761DA1EB5DC4D00E0FE7D /* ImageLoader.swift in Sources */ = {isa = PBXBuildFile; fileRef = 84E761D21EB5DC4D00E0FE7D /* ImageLoader.swift */; };
		84E761DB1EB5DC4D00E0FE7D /* Loadable.swift in Sources */ = {isa = PBXBuildFile; fileRef = 84E761D31EB5DC4D00E0FE7D /* Loadable.swift */; };
		84E761DC1EB5DC4D00E0FE7D /* Loader.swift in Sources */ = {isa = PBXBuildFile; fileRef = 84E761D41EB5DC4D00E0FE7D /* Loader.swift */; };
		84E761DD1EB5DC4D00E0FE7D /* Operative.swift in Sources */ = {isa = PBXBuildFile; fileRef = 84E761D51EB5DC4D00E0FE7D /* Operative.swift */; };
		84E761DE1EB5DC4D00E0FE7D /* Option.swift in Sources */ = {isa = PBXBuildFile; fileRef = 84E761D61EB5DC4D00E0FE7D /* Option.swift */; };
		84E761DF1EB5DC4D00E0FE7D /* URLLiteralConvertible.swift in Sources */ = {isa = PBXBuildFile; fileRef = 84E761D71EB5DC4D00E0FE7D /* URLLiteralConvertible.swift */; };
/* End PBXBuildFile section */

/* Begin PBXFileReference section */
		1D4C615E9AE0F49093A2370A /* Pods_gazette.framework */ = {isa = PBXFileReference; explicitFileType = wrapper.framework; includeInIndex = 0; path = Pods_gazette.framework; sourceTree = BUILT_PRODUCTS_DIR; };
		40216AD7851F12675555443D /* Pods-gazette.release.xcconfig */ = {isa = PBXFileReference; includeInIndex = 1; lastKnownFileType = text.xcconfig; name = "Pods-gazette.release.xcconfig"; path = "Pods/Target Support Files/Pods-gazette/Pods-gazette.release.xcconfig"; sourceTree = "<group>"; };
		841BC10F1ED2C7300074D8D4 /* ApnsUtil.swift */ = {isa = PBXFileReference; fileEncoding = 4; lastKnownFileType = sourcecode.swift; path = ApnsUtil.swift; sourceTree = "<group>"; };
		845A8DF51EAB2EE00006E5FF /* Constants.swift */ = {isa = PBXFileReference; fileEncoding = 4; lastKnownFileType = sourcecode.swift; path = Constants.swift; sourceTree = "<group>"; };
		845A8DF71EAB2F2E0006E5FF /* IOSUtil.swift */ = {isa = PBXFileReference; fileEncoding = 4; lastKnownFileType = sourcecode.swift; name = IOSUtil.swift; path = Util/IOSUtil.swift; sourceTree = "<group>"; };
		845A8DF81EAB2F2E0006E5FF /* RestHelper.swift */ = {isa = PBXFileReference; fileEncoding = 4; lastKnownFileType = sourcecode.swift; name = RestHelper.swift; path = Util/RestHelper.swift; sourceTree = "<group>"; };
		845A8DFC1EAB321E0006E5FF /* CustomNavBar.swift */ = {isa = PBXFileReference; fileEncoding = 4; lastKnownFileType = sourcecode.swift; name = CustomNavBar.swift; path = Navbar/CustomNavBar.swift; sourceTree = "<group>"; };
		845A8DFE1EAB32450006E5FF /* CustomNavigationItem.swift */ = {isa = PBXFileReference; fileEncoding = 4; lastKnownFileType = sourcecode.swift; name = CustomNavigationItem.swift; path = Navbar/CustomNavigationItem.swift; sourceTree = "<group>"; };
		845A8E041EAB381D0006E5FF /* Base */ = {isa = PBXFileReference; lastKnownFileType = text.plist.strings; name = Base; path = Base.lproj/Localizable.strings; sourceTree = "<group>"; };
		845A8E061EAB38200006E5FF /* en */ = {isa = PBXFileReference; lastKnownFileType = text.plist.strings; name = en; path = en.lproj/Localizable.strings; sourceTree = "<group>"; };
		845A8E071EAB399B0006E5FF /* ImagePickerUtil.swift */ = {isa = PBXFileReference; fileEncoding = 4; lastKnownFileType = sourcecode.swift; name = ImagePickerUtil.swift; path = Util/ImagePickerUtil.swift; sourceTree = "<group>"; };
		845A8E091EAB3A0D0006E5FF /* DateUtil.swift */ = {isa = PBXFileReference; fileEncoding = 4; lastKnownFileType = sourcecode.swift; name = DateUtil.swift; path = Util/DateUtil.swift; sourceTree = "<group>"; };
		845A8E0B1EAB3A410006E5FF /* StringUtil.swift */ = {isa = PBXFileReference; fileEncoding = 4; lastKnownFileType = sourcecode.swift; name = StringUtil.swift; path = Util/StringUtil.swift; sourceTree = "<group>"; };
		845A8E0D1EAB3A8D0006E5FF /* PhoneUtil.swift */ = {isa = PBXFileReference; fileEncoding = 4; lastKnownFileType = sourcecode.swift; name = PhoneUtil.swift; path = Util/PhoneUtil.swift; sourceTree = "<group>"; };
		845A8E0F1EAB3AAF0006E5FF /* ContactsProvider.swift */ = {isa = PBXFileReference; fileEncoding = 4; lastKnownFileType = sourcecode.swift; name = ContactsProvider.swift; path = Util/ContactsProvider.swift; sourceTree = "<group>"; };
		845A8E121EAB3E5A0006E5FF /* TabBarController.swift */ = {isa = PBXFileReference; fileEncoding = 4; lastKnownFileType = sourcecode.swift; path = TabBarController.swift; sourceTree = "<group>"; };
		845A8E141EAB405A0006E5FF /* CurrentUser.swift */ = {isa = PBXFileReference; fileEncoding = 4; lastKnownFileType = sourcecode.swift; path = CurrentUser.swift; sourceTree = "<group>"; };
		845A8E161EAB43730006E5FF /* Gandom.ttf */ = {isa = PBXFileReference; lastKnownFileType = file; path = Gandom.ttf; sourceTree = "<group>"; };
		845A8E181EAB536A0006E5FF /* gazette-Bridging-Header.h */ = {isa = PBXFileReference; lastKnownFileType = sourcecode.c.h; path = "gazette-Bridging-Header.h"; sourceTree = "<group>"; };
		845A8E191EAB536B0006E5FF /* NSBundle+Language.h */ = {isa = PBXFileReference; fileEncoding = 4; lastKnownFileType = sourcecode.c.h; name = "NSBundle+Language.h"; path = "i18n/NSBundle+Language.h"; sourceTree = "<group>"; };
		845A8E1A1EAB536B0006E5FF /* NSBundle+Language.m */ = {isa = PBXFileReference; fileEncoding = 4; lastKnownFileType = sourcecode.c.objc; name = "NSBundle+Language.m"; path = "i18n/NSBundle+Language.m"; sourceTree = "<group>"; };
		845A8E1D1EAB5B3B0006E5FF /* NewViewController.swift */ = {isa = PBXFileReference; fileEncoding = 4; lastKnownFileType = sourcecode.swift; path = NewViewController.swift; sourceTree = "<group>"; };
		845A8E1F1EAB5B550006E5FF /* ValidateViewController.swift */ = {isa = PBXFileReference; fileEncoding = 4; lastKnownFileType = sourcecode.swift; path = ValidateViewController.swift; sourceTree = "<group>"; };
		845A8E211EAB5C850006E5FF /* HomeViewController.swift */ = {isa = PBXFileReference; fileEncoding = 4; lastKnownFileType = sourcecode.swift; path = HomeViewController.swift; sourceTree = "<group>"; };
		845A8E231EAB5C980006E5FF /* ProfileViewController.swift */ = {isa = PBXFileReference; fileEncoding = 4; lastKnownFileType = sourcecode.swift; path = ProfileViewController.swift; sourceTree = "<group>"; };
		845A8E251EAB5CA90006E5FF /* MainViewController.swift */ = {isa = PBXFileReference; fileEncoding = 4; lastKnownFileType = sourcecode.swift; path = MainViewController.swift; sourceTree = "<group>"; };
		845A8E271EAB5CC40006E5FF /* SignupViewController.swift */ = {isa = PBXFileReference; fileEncoding = 4; lastKnownFileType = sourcecode.swift; path = SignupViewController.swift; sourceTree = "<group>"; };
		845A8E2B1EAB5D910006E5FF /* Dao.swift */ = {isa = PBXFileReference; fileEncoding = 4; lastKnownFileType = sourcecode.swift; name = Dao.swift; path = Base/Dao.swift; sourceTree = "<group>"; };
		845A8E2E1EAB5DB10006E5FF /* BaseEntity.swift */ = {isa = PBXFileReference; fileEncoding = 4; lastKnownFileType = sourcecode.swift; name = BaseEntity.swift; path = Base/BaseEntity.swift; sourceTree = "<group>"; };
		845A8E301EAB5E250006E5FF /* Transaction.swift */ = {isa = PBXFileReference; fileEncoding = 4; lastKnownFileType = sourcecode.swift; name = Transaction.swift; path = Entities/Transaction.swift; sourceTree = "<group>"; };
		845A8E331EAB5F270006E5FF /* TransactionDao.swift */ = {isa = PBXFileReference; fileEncoding = 4; lastKnownFileType = sourcecode.swift; name = TransactionDao.swift; path = Dao/TransactionDao.swift; sourceTree = "<group>"; };
		845A8E361EAB6D940006E5FF /* ActionData.swift */ = {isa = PBXFileReference; fileEncoding = 4; lastKnownFileType = sourcecode.swift; name = ActionData.swift; path = CustomActionSheet/ActionData.swift; sourceTree = "<group>"; };
		845A8E371EAB6D940006E5FF /* Skype.swift */ = {isa = PBXFileReference; fileEncoding = 4; lastKnownFileType = sourcecode.swift; name = Skype.swift; path = CustomActionSheet/Skype.swift; sourceTree = "<group>"; };
		845A8E381EAB6D940006E5FF /* SkypeCell.xib */ = {isa = PBXFileReference; fileEncoding = 4; lastKnownFileType = file.xib; name = SkypeCell.xib; path = CustomActionSheet/SkypeCell.xib; sourceTree = "<group>"; };
		845A8E3D1EAB70E90006E5FF /* HomePresenter.swift */ = {isa = PBXFileReference; fileEncoding = 4; lastKnownFileType = sourcecode.swift; name = HomePresenter.swift; path = Manager/HomePresenter.swift; sourceTree = "<group>"; };
		845C3F531EAB2A0C00BFD608 /* gazette.app */ = {isa = PBXFileReference; explicitFileType = wrapper.application; includeInIndex = 0; path = gazette.app; sourceTree = BUILT_PRODUCTS_DIR; };
		845C3F561EAB2A0C00BFD608 /* AppDelegate.swift */ = {isa = PBXFileReference; lastKnownFileType = sourcecode.swift; path = AppDelegate.swift; sourceTree = "<group>"; };
		845C3F5B1EAB2A0C00BFD608 /* Base */ = {isa = PBXFileReference; lastKnownFileType = file.storyboard; name = Base; path = Base.lproj/Main.storyboard; sourceTree = "<group>"; };
		845C3F5D1EAB2A0C00BFD608 /* Assets.xcassets */ = {isa = PBXFileReference; lastKnownFileType = folder.assetcatalog; name = Assets.xcassets; path = gazette/Assets.xcassets; sourceTree = "<group>"; };
		845C3F601EAB2A0C00BFD608 /* Base */ = {isa = PBXFileReference; lastKnownFileType = file.storyboard; name = Base; path = Base.lproj/LaunchScreen.storyboard; sourceTree = "<group>"; };
		845C3F621EAB2A0C00BFD608 /* Info.plist */ = {isa = PBXFileReference; lastKnownFileType = text.plist.xml; path = Info.plist; sourceTree = "<group>"; };
		8466096B1EAB747B00FD532F /* TransactionCell.swift */ = {isa = PBXFileReference; fileEncoding = 4; lastKnownFileType = sourcecode.swift; name = TransactionCell.swift; path = Components/TransactionCell.swift; sourceTree = "<group>"; };
		8466096E1EAB8D1D00FD532F /* MVPProtocol.swift */ = {isa = PBXFileReference; fileEncoding = 4; lastKnownFileType = sourcecode.swift; path = MVPProtocol.swift; sourceTree = "<group>"; };
		846609701EAB8D9D00FD532F /* NewPresenter.swift */ = {isa = PBXFileReference; fileEncoding = 4; lastKnownFileType = sourcecode.swift; path = NewPresenter.swift; sourceTree = "<group>"; };
		846609721EAB8DF800FD532F /* ProfilePresenter.swift */ = {isa = PBXFileReference; fileEncoding = 4; lastKnownFileType = sourcecode.swift; path = ProfilePresenter.swift; sourceTree = "<group>"; };
		846609741EAB8E0E00FD532F /* ValidatePresenter.swift */ = {isa = PBXFileReference; fileEncoding = 4; lastKnownFileType = sourcecode.swift; path = ValidatePresenter.swift; sourceTree = "<group>"; };
		846609761EAB8E1700FD532F /* SignupPresenter.swift */ = {isa = PBXFileReference; fileEncoding = 4; lastKnownFileType = sourcecode.swift; path = SignupPresenter.swift; sourceTree = "<group>"; };
		847D4A6B1EACAA9100766FA2 /* TutorialViewController.swift */ = {isa = PBXFileReference; fileEncoding = 4; lastKnownFileType = sourcecode.swift; path = TutorialViewController.swift; sourceTree = "<group>"; };
		847D4A6D1EACB69300766FA2 /* Events.swift */ = {isa = PBXFileReference; fileEncoding = 4; lastKnownFileType = sourcecode.swift; path = Events.swift; sourceTree = "<group>"; };
		847D4A6F1EACB93C00766FA2 /* LastTutorialViewController.swift */ = {isa = PBXFileReference; fileEncoding = 4; lastKnownFileType = sourcecode.swift; path = LastTutorialViewController.swift; sourceTree = "<group>"; };
		84913A831ED1793700EA25E2 /* gazette.entitlements */ = {isa = PBXFileReference; lastKnownFileType = text.plist.entitlements; path = gazette.entitlements; sourceTree = "<group>"; };
		8499153A1EAC7BED000510B3 /* ShareViewController.swift */ = {isa = PBXFileReference; fileEncoding = 4; lastKnownFileType = sourcecode.swift; path = ShareViewController.swift; sourceTree = "<group>"; };
		8499153C1EAC7BF9000510B3 /* SharePresenter.swift */ = {isa = PBXFileReference; fileEncoding = 4; lastKnownFileType = sourcecode.swift; path = SharePresenter.swift; sourceTree = "<group>"; };
		849915421EAC995A000510B3 /* EditProfileViewController.swift */ = {isa = PBXFileReference; fileEncoding = 4; lastKnownFileType = sourcecode.swift; path = EditProfileViewController.swift; sourceTree = "<group>"; };
		84E761B41EB5CA5500E0FE7D /* KMPlaceholderTextView.swift */ = {isa = PBXFileReference; fileEncoding = 4; lastKnownFileType = sourcecode.swift; name = KMPlaceholderTextView.swift; path = Util/KMPlaceholderTextView.swift; sourceTree = "<group>"; };
		84E761B61EB5CAAB00E0FE7D /* CryptoUtil.swift */ = {isa = PBXFileReference; fileEncoding = 4; lastKnownFileType = sourcecode.swift; name = CryptoUtil.swift; path = Util/CryptoUtil.swift; sourceTree = "<group>"; };
		84E761B71EB5CAAB00E0FE7D /* SkyFloatingLabelTextField.swift */ = {isa = PBXFileReference; fileEncoding = 4; lastKnownFileType = sourcecode.swift; name = SkyFloatingLabelTextField.swift; path = Util/SkyFloatingLabelTextField.swift; sourceTree = "<group>"; };
		84E761B81EB5CAAB00E0FE7D /* SkyFloatingLabelTextFieldWithIcon.swift */ = {isa = PBXFileReference; fileEncoding = 4; lastKnownFileType = sourcecode.swift; name = SkyFloatingLabelTextFieldWithIcon.swift; path = Util/SkyFloatingLabelTextFieldWithIcon.swift; sourceTree = "<group>"; };
		84E761CC1EB5DC3F00E0FE7D /* UIImage+ImageLoader.swift */ = {isa = PBXFileReference; fileEncoding = 4; lastKnownFileType = sourcecode.swift; name = "UIImage+ImageLoader.swift"; path = "ImageLoader/Extension/UIImage+ImageLoader.swift"; sourceTree = "<group>"; };
		84E761CD1EB5DC3F00E0FE7D /* UIImageView+ImageLoader.swift */ = {isa = PBXFileReference; fileEncoding = 4; lastKnownFileType = sourcecode.swift; name = "UIImageView+ImageLoader.swift"; path = "ImageLoader/Extension/UIImageView+ImageLoader.swift"; sourceTree = "<group>"; };
		84E761D01EB5DC4D00E0FE7D /* Disk.swift */ = {isa = PBXFileReference; fileEncoding = 4; lastKnownFileType = sourcecode.swift; name = Disk.swift; path = ImageLoader/Core/Disk.swift; sourceTree = "<group>"; };
		84E761D11EB5DC4D00E0FE7D /* HashStorage.swift */ = {isa = PBXFileReference; fileEncoding = 4; lastKnownFileType = sourcecode.swift; name = HashStorage.swift; path = ImageLoader/Core/HashStorage.swift; sourceTree = "<group>"; };
		84E761D21EB5DC4D00E0FE7D /* ImageLoader.swift */ = {isa = PBXFileReference; fileEncoding = 4; lastKnownFileType = sourcecode.swift; name = ImageLoader.swift; path = ImageLoader/Core/ImageLoader.swift; sourceTree = "<group>"; };
		84E761D31EB5DC4D00E0FE7D /* Loadable.swift */ = {isa = PBXFileReference; fileEncoding = 4; lastKnownFileType = sourcecode.swift; name = Loadable.swift; path = ImageLoader/Core/Loadable.swift; sourceTree = "<group>"; };
		84E761D41EB5DC4D00E0FE7D /* Loader.swift */ = {isa = PBXFileReference; fileEncoding = 4; lastKnownFileType = sourcecode.swift; name = Loader.swift; path = ImageLoader/Core/Loader.swift; sourceTree = "<group>"; };
		84E761D51EB5DC4D00E0FE7D /* Operative.swift */ = {isa = PBXFileReference; fileEncoding = 4; lastKnownFileType = sourcecode.swift; name = Operative.swift; path = ImageLoader/Core/Operative.swift; sourceTree = "<group>"; };
		84E761D61EB5DC4D00E0FE7D /* Option.swift */ = {isa = PBXFileReference; fileEncoding = 4; lastKnownFileType = sourcecode.swift; name = Option.swift; path = ImageLoader/Core/Option.swift; sourceTree = "<group>"; };
		84E761D71EB5DC4D00E0FE7D /* URLLiteralConvertible.swift */ = {isa = PBXFileReference; fileEncoding = 4; lastKnownFileType = sourcecode.swift; name = URLLiteralConvertible.swift; path = ImageLoader/Core/URLLiteralConvertible.swift; sourceTree = "<group>"; };
		A76517C4826A74D91F67A32D /* Pods-gazette.debug.xcconfig */ = {isa = PBXFileReference; includeInIndex = 1; lastKnownFileType = text.xcconfig; name = "Pods-gazette.debug.xcconfig"; path = "Pods/Target Support Files/Pods-gazette/Pods-gazette.debug.xcconfig"; sourceTree = "<group>"; };
/* End PBXFileReference section */

/* Begin PBXFrameworksBuildPhase section */
		845C3F501EAB2A0C00BFD608 /* Frameworks */ = {
			isa = PBXFrameworksBuildPhase;
			buildActionMask = 2147483647;
			files = (
				0E0DEFFD8C00D7535D305855 /* Pods_gazette.framework in Frameworks */,
			);
			runOnlyForDeploymentPostprocessing = 0;
		};
/* End PBXFrameworksBuildPhase section */

/* Begin PBXGroup section */
		845A8DFB1EAB2F370006E5FF /* Util */ = {
			isa = PBXGroup;
			children = (
				84E761B61EB5CAAB00E0FE7D /* CryptoUtil.swift */,
				84E761B71EB5CAAB00E0FE7D /* SkyFloatingLabelTextField.swift */,
				84E761B81EB5CAAB00E0FE7D /* SkyFloatingLabelTextFieldWithIcon.swift */,
				845A8DF71EAB2F2E0006E5FF /* IOSUtil.swift */,
				845A8DF81EAB2F2E0006E5FF /* RestHelper.swift */,
				845A8E071EAB399B0006E5FF /* ImagePickerUtil.swift */,
				845A8E091EAB3A0D0006E5FF /* DateUtil.swift */,
				845A8E0B1EAB3A410006E5FF /* StringUtil.swift */,
				845A8E0D1EAB3A8D0006E5FF /* PhoneUtil.swift */,
				845A8E0F1EAB3AAF0006E5FF /* ContactsProvider.swift */,
				84E761B41EB5CA5500E0FE7D /* KMPlaceholderTextView.swift */,
				841BC10F1ED2C7300074D8D4 /* ApnsUtil.swift */,
			);
			name = Util;
			sourceTree = "<group>";
		};
		845A8E001EAB32550006E5FF /* Navbar */ = {
			isa = PBXGroup;
			children = (
				845A8DFC1EAB321E0006E5FF /* CustomNavBar.swift */,
				845A8DFE1EAB32450006E5FF /* CustomNavigationItem.swift */,
			);
			name = Navbar;
			sourceTree = "<group>";
		};
		845A8E111EAB3E0F0006E5FF /* Pages */ = {
			isa = PBXGroup;
			children = (
				845A8E121EAB3E5A0006E5FF /* TabBarController.swift */,
				845A8E1D1EAB5B3B0006E5FF /* NewViewController.swift */,
				845A8E1F1EAB5B550006E5FF /* ValidateViewController.swift */,
				845A8E211EAB5C850006E5FF /* HomeViewController.swift */,
				845A8E231EAB5C980006E5FF /* ProfileViewController.swift */,
				845A8E251EAB5CA90006E5FF /* MainViewController.swift */,
				845A8E271EAB5CC40006E5FF /* SignupViewController.swift */,
				8499153A1EAC7BED000510B3 /* ShareViewController.swift */,
				849915421EAC995A000510B3 /* EditProfileViewController.swift */,
				847D4A6B1EACAA9100766FA2 /* TutorialViewController.swift */,
				847D4A6F1EACB93C00766FA2 /* LastTutorialViewController.swift */,
			);
			name = Pages;
			sourceTree = "<group>";
		};
		845A8E1C1EAB53700006E5FF /* i18n */ = {
			isa = PBXGroup;
			children = (
				845A8E191EAB536B0006E5FF /* NSBundle+Language.h */,
				845A8E1A1EAB536B0006E5FF /* NSBundle+Language.m */,
			);
			name = i18n;
			sourceTree = "<group>";
		};
		845A8E2D1EAB5D950006E5FF /* Base */ = {
			isa = PBXGroup;
			children = (
				845A8E2B1EAB5D910006E5FF /* Dao.swift */,
				845A8E2E1EAB5DB10006E5FF /* BaseEntity.swift */,
			);
			name = Base;
			sourceTree = "<group>";
		};
		845A8E321EAB5E2B0006E5FF /* Entities */ = {
			isa = PBXGroup;
			children = (
				845A8E301EAB5E250006E5FF /* Transaction.swift */,
			);
			name = Entities;
			sourceTree = "<group>";
		};
		845A8E351EAB5F2B0006E5FF /* Dao */ = {
			isa = PBXGroup;
			children = (
				845A8E331EAB5F270006E5FF /* TransactionDao.swift */,
			);
			name = Dao;
			sourceTree = "<group>";
		};
		845A8E3C1EAB6D990006E5FF /* CustomActionSheet */ = {
			isa = PBXGroup;
			children = (
				845A8E361EAB6D940006E5FF /* ActionData.swift */,
				845A8E371EAB6D940006E5FF /* Skype.swift */,
				845A8E381EAB6D940006E5FF /* SkypeCell.xib */,
			);
			name = CustomActionSheet;
			sourceTree = "<group>";
		};
		845A8E3F1EAB70EE0006E5FF /* PresenterLayer */ = {
			isa = PBXGroup;
			children = (
				845A8E3D1EAB70E90006E5FF /* HomePresenter.swift */,
				8466096E1EAB8D1D00FD532F /* MVPProtocol.swift */,
				846609701EAB8D9D00FD532F /* NewPresenter.swift */,
				846609721EAB8DF800FD532F /* ProfilePresenter.swift */,
				846609741EAB8E0E00FD532F /* ValidatePresenter.swift */,
				846609761EAB8E1700FD532F /* SignupPresenter.swift */,
				8499153C1EAC7BF9000510B3 /* SharePresenter.swift */,
			);
			name = PresenterLayer;
			sourceTree = "<group>";
		};
		845C3F4A1EAB2A0C00BFD608 = {
			isa = PBXGroup;
			children = (
				845A8E161EAB43730006E5FF /* Gandom.ttf */,
				845C3F5D1EAB2A0C00BFD608 /* Assets.xcassets */,
				845C3F551EAB2A0C00BFD608 /* gazette */,
				845C3F541EAB2A0C00BFD608 /* Products */,
				A5CD70F89AE47AF50D2741D0 /* Pods */,
				A2FDBEB5F7D3B4EFCB1EED15 /* Frameworks */,
			);
			sourceTree = "<group>";
		};
		845C3F541EAB2A0C00BFD608 /* Products */ = {
			isa = PBXGroup;
			children = (
				845C3F531EAB2A0C00BFD608 /* gazette.app */,
			);
			name = Products;
			sourceTree = "<group>";
		};
		845C3F551EAB2A0C00BFD608 /* gazette */ = {
			isa = PBXGroup;
			children = (
				84913A831ED1793700EA25E2 /* gazette.entitlements */,
				84E761C91EB5DC1B00E0FE7D /* ImageLoader */,
				845A8E3C1EAB6D990006E5FF /* CustomActionSheet */,
				845A8E001EAB32550006E5FF /* Navbar */,
				845A8DFB1EAB2F370006E5FF /* Util */,
				845A8E2D1EAB5D950006E5FF /* Base */,
				845A8E321EAB5E2B0006E5FF /* Entities */,
				845A8E351EAB5F2B0006E5FF /* Dao */,
				845A8E1C1EAB53700006E5FF /* i18n */,
				845A8E3F1EAB70EE0006E5FF /* PresenterLayer */,
				845A8E111EAB3E0F0006E5FF /* Pages */,
				8466096D1EAB749200FD532F /* Components */,
				845A8DF51EAB2EE00006E5FF /* Constants.swift */,
				847D4A6D1EACB69300766FA2 /* Events.swift */,
				845A8E141EAB405A0006E5FF /* CurrentUser.swift */,
				845C3F561EAB2A0C00BFD608 /* AppDelegate.swift */,
				845C3F5A1EAB2A0C00BFD608 /* Main.storyboard */,
				845C3F5F1EAB2A0C00BFD608 /* LaunchScreen.storyboard */,
				845C3F621EAB2A0C00BFD608 /* Info.plist */,
				845A8E051EAB381D0006E5FF /* Localizable.strings */,
				845A8E181EAB536A0006E5FF /* gazette-Bridging-Header.h */,
			);
			path = gazette;
			sourceTree = "<group>";
		};
		8466096D1EAB749200FD532F /* Components */ = {
			isa = PBXGroup;
			children = (
				8466096B1EAB747B00FD532F /* TransactionCell.swift */,
			);
			name = Components;
			sourceTree = "<group>";
		};
		84E761C91EB5DC1B00E0FE7D /* ImageLoader */ = {
			isa = PBXGroup;
			children = (
				84E761CB1EB5DC3300E0FE7D /* Extension */,
				84E761CA1EB5DC2F00E0FE7D /* Core */,
			);
			name = ImageLoader;
			sourceTree = "<group>";
		};
		84E761CA1EB5DC2F00E0FE7D /* Core */ = {
			isa = PBXGroup;
			children = (
				84E761D01EB5DC4D00E0FE7D /* Disk.swift */,
				84E761D11EB5DC4D00E0FE7D /* HashStorage.swift */,
				84E761D21EB5DC4D00E0FE7D /* ImageLoader.swift */,
				84E761D31EB5DC4D00E0FE7D /* Loadable.swift */,
				84E761D41EB5DC4D00E0FE7D /* Loader.swift */,
				84E761D51EB5DC4D00E0FE7D /* Operative.swift */,
				84E761D61EB5DC4D00E0FE7D /* Option.swift */,
				84E761D71EB5DC4D00E0FE7D /* URLLiteralConvertible.swift */,
			);
			name = Core;
			sourceTree = "<group>";
		};
		84E761CB1EB5DC3300E0FE7D /* Extension */ = {
			isa = PBXGroup;
			children = (
				84E761CC1EB5DC3F00E0FE7D /* UIImage+ImageLoader.swift */,
				84E761CD1EB5DC3F00E0FE7D /* UIImageView+ImageLoader.swift */,
			);
			name = Extension;
			sourceTree = "<group>";
		};
		A2FDBEB5F7D3B4EFCB1EED15 /* Frameworks */ = {
			isa = PBXGroup;
			children = (
				1D4C615E9AE0F49093A2370A /* Pods_gazette.framework */,
			);
			name = Frameworks;
			sourceTree = "<group>";
		};
		A5CD70F89AE47AF50D2741D0 /* Pods */ = {
			isa = PBXGroup;
			children = (
				A76517C4826A74D91F67A32D /* Pods-gazette.debug.xcconfig */,
				40216AD7851F12675555443D /* Pods-gazette.release.xcconfig */,
			);
			name = Pods;
			sourceTree = "<group>";
		};
/* End PBXGroup section */

/* Begin PBXNativeTarget section */
		845C3F521EAB2A0C00BFD608 /* gazette */ = {
			isa = PBXNativeTarget;
			buildConfigurationList = 845C3F651EAB2A0C00BFD608 /* Build configuration list for PBXNativeTarget "gazette" */;
			buildPhases = (
				FD16B918282CA56D57FDF2E6 /* [CP] Check Pods Manifest.lock */,
				845C3F4F1EAB2A0C00BFD608 /* Sources */,
				845C3F501EAB2A0C00BFD608 /* Frameworks */,
				845C3F511EAB2A0C00BFD608 /* Resources */,
				845C3F681EAB2AD400BFD608 /* ShellScript */,
				CE5A07A23118AD09EDB7FB66 /* [CP] Embed Pods Frameworks */,
				5CD3FF646F4BA1F29870DCB0 /* [CP] Copy Pods Resources */,
			);
			buildRules = (
			);
			dependencies = (
			);
			name = gazette;
			productName = gazette;
			productReference = 845C3F531EAB2A0C00BFD608 /* gazette.app */;
			productType = "com.apple.product-type.application";
		};
/* End PBXNativeTarget section */

/* Begin PBXProject section */
		845C3F4B1EAB2A0C00BFD608 /* Project object */ = {
			isa = PBXProject;
			attributes = {
				LastSwiftUpdateCheck = 0830;
				LastUpgradeCheck = 0830;
				ORGANIZATIONNAME = AreaTak;
				TargetAttributes = {
					845C3F521EAB2A0C00BFD608 = {
						CreatedOnToolsVersion = 8.3.1;
						DevelopmentTeam = U6C28KYLPD;
						LastSwiftMigration = 0830;
						ProvisioningStyle = Automatic;
						SystemCapabilities = {
							com.apple.Push = {
								enabled = 1;
							};
						};
					};
				};
			};
			buildConfigurationList = 845C3F4E1EAB2A0C00BFD608 /* Build configuration list for PBXProject "gazette" */;
			compatibilityVersion = "Xcode 3.2";
			developmentRegion = English;
			hasScannedForEncodings = 0;
			knownRegions = (
				en,
				Base,
			);
			mainGroup = 845C3F4A1EAB2A0C00BFD608;
			productRefGroup = 845C3F541EAB2A0C00BFD608 /* Products */;
			projectDirPath = "";
			projectRoot = "";
			targets = (
				845C3F521EAB2A0C00BFD608 /* gazette */,
			);
		};
/* End PBXProject section */

/* Begin PBXResourcesBuildPhase section */
		845C3F511EAB2A0C00BFD608 /* Resources */ = {
			isa = PBXResourcesBuildPhase;
			buildActionMask = 2147483647;
			files = (
				845C3F611EAB2A0C00BFD608 /* LaunchScreen.storyboard in Resources */,
				845A8E171EAB43730006E5FF /* Gandom.ttf in Resources */,
				845A8E031EAB381D0006E5FF /* Localizable.strings in Resources */,
				845C3F5E1EAB2A0C00BFD608 /* Assets.xcassets in Resources */,
				845A8E3B1EAB6D940006E5FF /* SkypeCell.xib in Resources */,
				845C3F5C1EAB2A0C00BFD608 /* Main.storyboard in Resources */,
			);
			runOnlyForDeploymentPostprocessing = 0;
		};
/* End PBXResourcesBuildPhase section */

/* Begin PBXShellScriptBuildPhase section */
		5CD3FF646F4BA1F29870DCB0 /* [CP] Copy Pods Resources */ = {
			isa = PBXShellScriptBuildPhase;
			buildActionMask = 2147483647;
			files = (
			);
			inputPaths = (
			);
			name = "[CP] Copy Pods Resources";
			outputPaths = (
			);
			runOnlyForDeploymentPostprocessing = 0;
			shellPath = /bin/sh;
			shellScript = "\"${SRCROOT}/Pods/Target Support Files/Pods-gazette/Pods-gazette-resources.sh\"\n";
			showEnvVarsInLog = 0;
		};
		845C3F681EAB2AD400BFD608 /* ShellScript */ = {
			isa = PBXShellScriptBuildPhase;
			buildActionMask = 2147483647;
			files = (
			);
			inputPaths = (
			);
			outputPaths = (
			);
			runOnlyForDeploymentPostprocessing = 0;
			shellPath = /bin/bash;
			shellScript = "#!/bin/bash\nbuildNumber=$(/usr/libexec/PlistBuddy -c \"Print CFBundleVersion\" \"${PROJECT_DIR}/${INFOPLIST_FILE}\")\nbuildNumber=$(($buildNumber + 1))\n/usr/libexec/PlistBuddy -c \"Set :CFBundleVersion $buildNumber\" \"${PROJECT_DIR}/${INFOPLIST_FILE}\"";
		};
		CE5A07A23118AD09EDB7FB66 /* [CP] Embed Pods Frameworks */ = {
			isa = PBXShellScriptBuildPhase;
			buildActionMask = 2147483647;
			files = (
			);
			inputPaths = (
			);
			name = "[CP] Embed Pods Frameworks";
			outputPaths = (
			);
			runOnlyForDeploymentPostprocessing = 0;
			shellPath = /bin/sh;
			shellScript = "\"${SRCROOT}/Pods/Target Support Files/Pods-gazette/Pods-gazette-frameworks.sh\"\n";
			showEnvVarsInLog = 0;
		};
		FD16B918282CA56D57FDF2E6 /* [CP] Check Pods Manifest.lock */ = {
			isa = PBXShellScriptBuildPhase;
			buildActionMask = 2147483647;
			files = (
			);
			inputPaths = (
			);
			name = "[CP] Check Pods Manifest.lock";
			outputPaths = (
			);
			runOnlyForDeploymentPostprocessing = 0;
			shellPath = /bin/sh;
			shellScript = "diff \"${PODS_ROOT}/../Podfile.lock\" \"${PODS_ROOT}/Manifest.lock\" > /dev/null\nif [ $? != 0 ] ; then\n    # print error to STDERR\n    echo \"error: The sandbox is not in sync with the Podfile.lock. Run 'pod install' or update your CocoaPods installation.\" >&2\n    exit 1\nfi\n";
			showEnvVarsInLog = 0;
		};
/* End PBXShellScriptBuildPhase section */

/* Begin PBXSourcesBuildPhase section */
		845C3F4F1EAB2A0C00BFD608 /* Sources */ = {
			isa = PBXSourcesBuildPhase;
			buildActionMask = 2147483647;
			files = (
				845A8E201EAB5B550006E5FF /* ValidateViewController.swift in Sources */,
				84E761B91EB5CAAB00E0FE7D /* CryptoUtil.swift in Sources */,
				845A8E3A1EAB6D940006E5FF /* Skype.swift in Sources */,
				847D4A6C1EACAA9100766FA2 /* TutorialViewController.swift in Sources */,
				845A8DFD1EAB321E0006E5FF /* CustomNavBar.swift in Sources */,
				847D4A701EACB93C00766FA2 /* LastTutorialViewController.swift in Sources */,
				845A8E311EAB5E250006E5FF /* Transaction.swift in Sources */,
				845A8E2C1EAB5D910006E5FF /* Dao.swift in Sources */,
				84E761DF1EB5DC4D00E0FE7D /* URLLiteralConvertible.swift in Sources */,
				845A8E131EAB3E5A0006E5FF /* TabBarController.swift in Sources */,
				84E761BB1EB5CAAB00E0FE7D /* SkyFloatingLabelTextFieldWithIcon.swift in Sources */,
				845A8E221EAB5C850006E5FF /* HomeViewController.swift in Sources */,
				8499153D1EAC7BF9000510B3 /* SharePresenter.swift in Sources */,
				84E761B51EB5CA5500E0FE7D /* KMPlaceholderTextView.swift in Sources */,
				84E761BA1EB5CAAB00E0FE7D /* SkyFloatingLabelTextField.swift in Sources */,
				84E761CF1EB5DC3F00E0FE7D /* UIImageView+ImageLoader.swift in Sources */,
				84E761DB1EB5DC4D00E0FE7D /* Loadable.swift in Sources */,
				849915431EAC995A000510B3 /* EditProfileViewController.swift in Sources */,
				845A8DFF1EAB32450006E5FF /* CustomNavigationItem.swift in Sources */,
				845A8E261EAB5CA90006E5FF /* MainViewController.swift in Sources */,
				845A8E0C1EAB3A410006E5FF /* StringUtil.swift in Sources */,
				84E761DE1EB5DC4D00E0FE7D /* Option.swift in Sources */,
				845A8E241EAB5C980006E5FF /* ProfileViewController.swift in Sources */,
				84E761D91EB5DC4D00E0FE7D /* HashStorage.swift in Sources */,
				845A8DF91EAB2F2E0006E5FF /* IOSUtil.swift in Sources */,
				845C3F571EAB2A0C00BFD608 /* AppDelegate.swift in Sources */,
				845A8DF61EAB2EE00006E5FF /* Constants.swift in Sources */,
				84E761CE1EB5DC3F00E0FE7D /* UIImage+ImageLoader.swift in Sources */,
				84E761DD1EB5DC4D00E0FE7D /* Operative.swift in Sources */,
				845A8E101EAB3AAF0006E5FF /* ContactsProvider.swift in Sources */,
				845A8E0E1EAB3A8D0006E5FF /* PhoneUtil.swift in Sources */,
				846609771EAB8E1700FD532F /* SignupPresenter.swift in Sources */,
				8466096F1EAB8D1D00FD532F /* MVPProtocol.swift in Sources */,
				84E761D81EB5DC4D00E0FE7D /* Disk.swift in Sources */,
				845A8E341EAB5F270006E5FF /* TransactionDao.swift in Sources */,
				845A8E0A1EAB3A0D0006E5FF /* DateUtil.swift in Sources */,
				846609711EAB8D9D00FD532F /* NewPresenter.swift in Sources */,
				845A8E1B1EAB536B0006E5FF /* NSBundle+Language.m in Sources */,
				845A8DFA1EAB2F2E0006E5FF /* RestHelper.swift in Sources */,
				845A8E2F1EAB5DB10006E5FF /* BaseEntity.swift in Sources */,
				845A8E281EAB5CC40006E5FF /* SignupViewController.swift in Sources */,
				8499153B1EAC7BED000510B3 /* ShareViewController.swift in Sources */,
				84E761DA1EB5DC4D00E0FE7D /* ImageLoader.swift in Sources */,
				845A8E1E1EAB5B3B0006E5FF /* NewViewController.swift in Sources */,
				846609731EAB8DF800FD532F /* ProfilePresenter.swift in Sources */,
				845A8E3E1EAB70E90006E5FF /* HomePresenter.swift in Sources */,
				845A8E151EAB405A0006E5FF /* CurrentUser.swift in Sources */,
				84E761DC1EB5DC4D00E0FE7D /* Loader.swift in Sources */,
				8466096C1EAB747B00FD532F /* TransactionCell.swift in Sources */,
				847D4A6E1EACB69300766FA2 /* Events.swift in Sources */,
				845A8E081EAB399B0006E5FF /* ImagePickerUtil.swift in Sources */,
				841BC1101ED2C7300074D8D4 /* ApnsUtil.swift in Sources */,
				846609751EAB8E0E00FD532F /* ValidatePresenter.swift in Sources */,
				845A8E391EAB6D940006E5FF /* ActionData.swift in Sources */,
			);
			runOnlyForDeploymentPostprocessing = 0;
		};
/* End PBXSourcesBuildPhase section */

/* Begin PBXVariantGroup section */
		845A8E051EAB381D0006E5FF /* Localizable.strings */ = {
			isa = PBXVariantGroup;
			children = (
				845A8E041EAB381D0006E5FF /* Base */,
				845A8E061EAB38200006E5FF /* en */,
			);
			name = Localizable.strings;
			sourceTree = "<group>";
		};
		845C3F5A1EAB2A0C00BFD608 /* Main.storyboard */ = {
			isa = PBXVariantGroup;
			children = (
				845C3F5B1EAB2A0C00BFD608 /* Base */,
			);
			name = Main.storyboard;
			sourceTree = "<group>";
		};
		845C3F5F1EAB2A0C00BFD608 /* LaunchScreen.storyboard */ = {
			isa = PBXVariantGroup;
			children = (
				845C3F601EAB2A0C00BFD608 /* Base */,
			);
			name = LaunchScreen.storyboard;
			sourceTree = "<group>";
		};
/* End PBXVariantGroup section */

/* Begin XCBuildConfiguration section */
		845C3F631EAB2A0C00BFD608 /* Debug */ = {
			isa = XCBuildConfiguration;
			buildSettings = {
				ALWAYS_SEARCH_USER_PATHS = NO;
				CLANG_ANALYZER_NONNULL = YES;
				CLANG_ANALYZER_NUMBER_OBJECT_CONVERSION = YES_AGGRESSIVE;
				CLANG_CXX_LANGUAGE_STANDARD = "gnu++0x";
				CLANG_CXX_LIBRARY = "libc++";
				CLANG_ENABLE_MODULES = YES;
				CLANG_ENABLE_OBJC_ARC = YES;
				CLANG_WARN_BOOL_CONVERSION = YES;
				CLANG_WARN_CONSTANT_CONVERSION = YES;
				CLANG_WARN_DIRECT_OBJC_ISA_USAGE = YES_ERROR;
				CLANG_WARN_DOCUMENTATION_COMMENTS = YES;
				CLANG_WARN_EMPTY_BODY = YES;
				CLANG_WARN_ENUM_CONVERSION = YES;
				CLANG_WARN_INFINITE_RECURSION = YES;
				CLANG_WARN_INT_CONVERSION = YES;
				CLANG_WARN_OBJC_ROOT_CLASS = YES_ERROR;
				CLANG_WARN_SUSPICIOUS_MOVE = YES;
				CLANG_WARN_UNREACHABLE_CODE = YES;
				CLANG_WARN__DUPLICATE_METHOD_MATCH = YES;
				"CODE_SIGN_IDENTITY[sdk=iphoneos*]" = "iPhone Developer";
				COPY_PHASE_STRIP = NO;
				DEBUG_INFORMATION_FORMAT = dwarf;
				ENABLE_STRICT_OBJC_MSGSEND = YES;
				ENABLE_TESTABILITY = YES;
				GCC_C_LANGUAGE_STANDARD = gnu99;
				GCC_DYNAMIC_NO_PIC = NO;
				GCC_NO_COMMON_BLOCKS = YES;
				GCC_OPTIMIZATION_LEVEL = 0;
				GCC_PREPROCESSOR_DEFINITIONS = (
					"DEBUG=1",
					"$(inherited)",
				);
				GCC_WARN_64_TO_32_BIT_CONVERSION = YES;
				GCC_WARN_ABOUT_RETURN_TYPE = YES_ERROR;
				GCC_WARN_UNDECLARED_SELECTOR = YES;
				GCC_WARN_UNINITIALIZED_AUTOS = YES_AGGRESSIVE;
				GCC_WARN_UNUSED_FUNCTION = YES;
				GCC_WARN_UNUSED_VARIABLE = YES;
				IPHONEOS_DEPLOYMENT_TARGET = 10.3;
				MTL_ENABLE_DEBUG_INFO = YES;
				ONLY_ACTIVE_ARCH = YES;
				SDKROOT = iphoneos;
				SWIFT_ACTIVE_COMPILATION_CONDITIONS = DEBUG;
				SWIFT_OPTIMIZATION_LEVEL = "-Onone";
				TARGETED_DEVICE_FAMILY = "1,2";
			};
			name = Debug;
		};
		845C3F641EAB2A0C00BFD608 /* Release */ = {
			isa = XCBuildConfiguration;
			buildSettings = {
				ALWAYS_SEARCH_USER_PATHS = NO;
				CLANG_ANALYZER_NONNULL = YES;
				CLANG_ANALYZER_NUMBER_OBJECT_CONVERSION = YES_AGGRESSIVE;
				CLANG_CXX_LANGUAGE_STANDARD = "gnu++0x";
				CLANG_CXX_LIBRARY = "libc++";
				CLANG_ENABLE_MODULES = YES;
				CLANG_ENABLE_OBJC_ARC = YES;
				CLANG_WARN_BOOL_CONVERSION = YES;
				CLANG_WARN_CONSTANT_CONVERSION = YES;
				CLANG_WARN_DIRECT_OBJC_ISA_USAGE = YES_ERROR;
				CLANG_WARN_DOCUMENTATION_COMMENTS = YES;
				CLANG_WARN_EMPTY_BODY = YES;
				CLANG_WARN_ENUM_CONVERSION = YES;
				CLANG_WARN_INFINITE_RECURSION = YES;
				CLANG_WARN_INT_CONVERSION = YES;
				CLANG_WARN_OBJC_ROOT_CLASS = YES_ERROR;
				CLANG_WARN_SUSPICIOUS_MOVE = YES;
				CLANG_WARN_UNREACHABLE_CODE = YES;
				CLANG_WARN__DUPLICATE_METHOD_MATCH = YES;
				"CODE_SIGN_IDENTITY[sdk=iphoneos*]" = "iPhone Developer";
				COPY_PHASE_STRIP = NO;
				DEBUG_INFORMATION_FORMAT = "dwarf-with-dsym";
				ENABLE_NS_ASSERTIONS = NO;
				ENABLE_STRICT_OBJC_MSGSEND = YES;
				GCC_C_LANGUAGE_STANDARD = gnu99;
				GCC_NO_COMMON_BLOCKS = YES;
				GCC_WARN_64_TO_32_BIT_CONVERSION = YES;
				GCC_WARN_ABOUT_RETURN_TYPE = YES_ERROR;
				GCC_WARN_UNDECLARED_SELECTOR = YES;
				GCC_WARN_UNINITIALIZED_AUTOS = YES_AGGRESSIVE;
				GCC_WARN_UNUSED_FUNCTION = YES;
				GCC_WARN_UNUSED_VARIABLE = YES;
				IPHONEOS_DEPLOYMENT_TARGET = 10.3;
				MTL_ENABLE_DEBUG_INFO = NO;
				SDKROOT = iphoneos;
				SWIFT_OPTIMIZATION_LEVEL = "-Owholemodule";
				TARGETED_DEVICE_FAMILY = "1,2";
				VALIDATE_PRODUCT = YES;
			};
			name = Release;
		};
		845C3F661EAB2A0C00BFD608 /* Debug */ = {
			isa = XCBuildConfiguration;
			baseConfigurationReference = A76517C4826A74D91F67A32D /* Pods-gazette.debug.xcconfig */;
			buildSettings = {
				ASSETCATALOG_COMPILER_APPICON_NAME = AppIcon;
				CLANG_ENABLE_MODULES = YES;
				CODE_SIGN_ENTITLEMENTS = gazette/gazette.entitlements;
				DEVELOPMENT_TEAM = U6C28KYLPD;
				INFOPLIST_FILE = gazette/Info.plist;
				IPHONEOS_DEPLOYMENT_TARGET = 9.0;
				LD_RUNPATH_SEARCH_PATHS = "$(inherited) @executable_path/Frameworks";
				PRODUCT_BUNDLE_IDENTIFIER = com.areatak.sabtshod;
				PRODUCT_NAME = "$(TARGET_NAME)";
				SWIFT_OBJC_BRIDGING_HEADER = "gazette/gazette-Bridging-Header.h";
				SWIFT_OPTIMIZATION_LEVEL = "-Onone";
				SWIFT_VERSION = 3.0;
			};
			name = Debug;
		};
		845C3F671EAB2A0C00BFD608 /* Release */ = {
			isa = XCBuildConfiguration;
			baseConfigurationReference = 40216AD7851F12675555443D /* Pods-gazette.release.xcconfig */;
			buildSettings = {
				ASSETCATALOG_COMPILER_APPICON_NAME = AppIcon;
				CLANG_ENABLE_MODULES = YES;
				CODE_SIGN_ENTITLEMENTS = gazette/gazette.entitlements;
				DEVELOPMENT_TEAM = U6C28KYLPD;
				INFOPLIST_FILE = gazette/Info.plist;
				IPHONEOS_DEPLOYMENT_TARGET = 9.0;
				LD_RUNPATH_SEARCH_PATHS = "$(inherited) @executable_path/Frameworks";
				PRODUCT_BUNDLE_IDENTIFIER = com.areatak.sabtshod;
				PRODUCT_NAME = "$(TARGET_NAME)";
				SWIFT_OBJC_BRIDGING_HEADER = "gazette/gazette-Bridging-Header.h";
				SWIFT_VERSION = 3.0;
			};
			name = Release;
		};
/* End XCBuildConfiguration section */

/* Begin XCConfigurationList section */
		845C3F4E1EAB2A0C00BFD608 /* Build configuration list for PBXProject "gazette" */ = {
			isa = XCConfigurationList;
			buildConfigurations = (
				845C3F631EAB2A0C00BFD608 /* Debug */,
				845C3F641EAB2A0C00BFD608 /* Release */,
			);
			defaultConfigurationIsVisible = 0;
			defaultConfigurationName = Release;
		};
		845C3F651EAB2A0C00BFD608 /* Build configuration list for PBXNativeTarget "gazette" */ = {
			isa = XCConfigurationList;
			buildConfigurations = (
				845C3F661EAB2A0C00BFD608 /* Debug */,
				845C3F671EAB2A0C00BFD608 /* Release */,
			);
			defaultConfigurationIsVisible = 0;
			defaultConfigurationName = Release;
		};
/* End XCConfigurationList section */
	};
	rootObject = 845C3F4B1EAB2A0C00BFD608 /* Project object */;
}
