// !$*UTF8*$!
{
	archiveVersion = 1;
	classes = {
	};
	objectVersion = 46;
	objects = {

/* Begin PBXBuildFile section */
		845C3F571EAB2A0C00BFD608 /* AppDelegate.swift in Sources */ = {isa = PBXBuildFile; fileRef = 845C3F561EAB2A0C00BFD608 /* AppDelegate.swift */; };
		845C3F591EAB2A0C00BFD608 /* ViewController.swift in Sources */ = {isa = PBXBuildFile; fileRef = 845C3F581EAB2A0C00BFD608 /* ViewController.swift */; };
		845C3F5C1EAB2A0C00BFD608 /* Main.storyboard in Resources */ = {isa = PBXBuildFile; fileRef = 845C3F5A1EAB2A0C00BFD608 /* Main.storyboard */; };
		845C3F5E1EAB2A0C00BFD608 /* Assets.xcassets in Resources */ = {isa = PBXBuildFile; fileRef = 845C3F5D1EAB2A0C00BFD608 /* Assets.xcassets */; };
		845C3F611EAB2A0C00BFD608 /* LaunchScreen.storyboard in Resources */ = {isa = PBXBuildFile; fileRef = 845C3F5F1EAB2A0C00BFD608 /* LaunchScreen.storyboard */; };
/* End PBXBuildFile section */

/* Begin PBXFileReference section */
		845C3F531EAB2A0C00BFD608 /* gazette.app */ = {isa = PBXFileReference; explicitFileType = wrapper.application; includeInIndex = 0; path = gazette.app; sourceTree = BUILT_PRODUCTS_DIR; };
		845C3F561EAB2A0C00BFD608 /* AppDelegate.swift */ = {isa = PBXFileReference; lastKnownFileType = sourcecode.swift; path = AppDelegate.swift; sourceTree = "<group>"; };
		845C3F581EAB2A0C00BFD608 /* ViewController.swift */ = {isa = PBXFileReference; lastKnownFileType = sourcecode.swift; path = ViewController.swift; sourceTree = "<group>"; };
		845C3F5B1EAB2A0C00BFD608 /* Base */ = {isa = PBXFileReference; lastKnownFileType = file.storyboard; name = Base; path = Base.lproj/Main.storyboard; sourceTree = "<group>"; };
		845C3F5D1EAB2A0C00BFD608 /* Assets.xcassets */ = {isa = PBXFileReference; lastKnownFileType = folder.assetcatalog; path = Assets.xcassets; sourceTree = "<group>"; };
		845C3F601EAB2A0C00BFD608 /* Base */ = {isa = PBXFileReference; lastKnownFileType = file.storyboard; name = Base; path = Base.lproj/LaunchScreen.storyboard; sourceTree = "<group>"; };
		845C3F621EAB2A0C00BFD608 /* Info.plist */ = {isa = PBXFileReference; lastKnownFileType = text.plist.xml; path = Info.plist; sourceTree = "<group>"; };
/* End PBXFileReference section */

/* Begin PBXFrameworksBuildPhase section */
		845C3F501EAB2A0C00BFD608 /* Frameworks */ = {
			isa = PBXFrameworksBuildPhase;
			buildActionMask = 2147483647;
			files = (
			);
			runOnlyForDeploymentPostprocessing = 0;
		};
/* End PBXFrameworksBuildPhase section */

/* Begin PBXGroup section */
		845C3F4A1EAB2A0C00BFD608 = {
			isa = PBXGroup;
			children = (
				845C3F551EAB2A0C00BFD608 /* gazette */,
				845C3F541EAB2A0C00BFD608 /* Products */,
			);
			sourceTree = "<group>";
		};
		845C3F541EAB2A0C00BFD608 /* Products */ = {
			isa = PBXGroup;
			children = (
				845C3F531EAB2A0C00BFD608 /* gazette.app */,
			);
			name = Products;
			sourceTree = "<group>";
		};
		845C3F551EAB2A0C00BFD608 /* gazette */ = {
			isa = PBXGroup;
			children = (
				845C3F561EAB2A0C00BFD608 /* AppDelegate.swift */,
				845C3F581EAB2A0C00BFD608 /* ViewController.swift */,
				845C3F5A1EAB2A0C00BFD608 /* Main.storyboard */,
				845C3F5D1EAB2A0C00BFD608 /* Assets.xcassets */,
				845C3F5F1EAB2A0C00BFD608 /* LaunchScreen.storyboard */,
				845C3F621EAB2A0C00BFD608 /* Info.plist */,
			);
			path = gazette;
			sourceTree = "<group>";
		};
/* End PBXGroup section */

/* Begin PBXNativeTarget section */
		845C3F521EAB2A0C00BFD608 /* gazette */ = {
			isa = PBXNativeTarget;
			buildConfigurationList = 845C3F651EAB2A0C00BFD608 /* Build configuration list for PBXNativeTarget "gazette" */;
			buildPhases = (
				845C3F4F1EAB2A0C00BFD608 /* Sources */,
				845C3F501EAB2A0C00BFD608 /* Frameworks */,
				845C3F511EAB2A0C00BFD608 /* Resources */,
				845C3F681EAB2AD400BFD608 /* ShellScript */,
			);
			buildRules = (
			);
			dependencies = (
			);
			name = gazette;
			productName = gazette;
			productReference = 845C3F531EAB2A0C00BFD608 /* gazette.app */;
			productType = "com.apple.product-type.application";
		};
/* End PBXNativeTarget section */

/* Begin PBXProject section */
		845C3F4B1EAB2A0C00BFD608 /* Project object */ = {
			isa = PBXProject;
			attributes = {
				LastSwiftUpdateCheck = 0830;
				LastUpgradeCheck = 0830;
				ORGANIZATIONNAME = AreaTak;
				TargetAttributes = {
					845C3F521EAB2A0C00BFD608 = {
						CreatedOnToolsVersion = 8.3.1;
						ProvisioningStyle = Automatic;
					};
				};
			};
			buildConfigurationList = 845C3F4E1EAB2A0C00BFD608 /* Build configuration list for PBXProject "gazette" */;
			compatibilityVersion = "Xcode 3.2";
			developmentRegion = English;
			hasScannedForEncodings = 0;
			knownRegions = (
				en,
				Base,
			);
			mainGroup = 845C3F4A1EAB2A0C00BFD608;
			productRefGroup = 845C3F541EAB2A0C00BFD608 /* Products */;
			projectDirPath = "";
			projectRoot = "";
			targets = (
				845C3F521EAB2A0C00BFD608 /* gazette */,
			);
		};
/* End PBXProject section */

/* Begin PBXResourcesBuildPhase section */
		845C3F511EAB2A0C00BFD608 /* Resources */ = {
			isa = PBXResourcesBuildPhase;
			buildActionMask = 2147483647;
			files = (
				845C3F611EAB2A0C00BFD608 /* LaunchScreen.storyboard in Resources */,
				845C3F5E1EAB2A0C00BFD608 /* Assets.xcassets in Resources */,
				845C3F5C1EAB2A0C00BFD608 /* Main.storyboard in Resources */,
			);
			runOnlyForDeploymentPostprocessing = 0;
		};
/* End PBXResourcesBuildPhase section */

/* Begin PBXShellScriptBuildPhase section */
		845C3F681EAB2AD400BFD608 /* ShellScript */ = {
			isa = PBXShellScriptBuildPhase;
			buildActionMask = 2147483647;
			files = (
			);
			inputPaths = (
			);
			outputPaths = (
			);
			runOnlyForDeploymentPostprocessing = 0;
			shellPath = /bin/bash;
			shellScript = "#!/bin/bash\nbuildNumber=$(/usr/libexec/PlistBuddy -c \"Print CFBundleVersion\" \"${PROJECT_DIR}/${INFOPLIST_FILE}\")\nbuildNumber=$(($buildNumber + 1))\n/usr/libexec/PlistBuddy -c \"Set :CFBundleVersion $buildNumber\" \"${PROJECT_DIR}/${INFOPLIST_FILE}\"";
		};
/* End PBXShellScriptBuildPhase section */

/* Begin PBXSourcesBuildPhase section */
		845C3F4F1EAB2A0C00BFD608 /* Sources */ = {
			isa = PBXSourcesBuildPhase;
			buildActionMask = 2147483647;
			files = (
				845C3F591EAB2A0C00BFD608 /* ViewController.swift in Sources */,
				845C3F571EAB2A0C00BFD608 /* AppDelegate.swift in Sources */,
			);
			runOnlyForDeploymentPostprocessing = 0;
		};
/* End PBXSourcesBuildPhase section */

/* Begin PBXVariantGroup section */
		845C3F5A1EAB2A0C00BFD608 /* Main.storyboard */ = {
			isa = PBXVariantGroup;
			children = (
				845C3F5B1EAB2A0C00BFD608 /* Base */,
			);
			name = Main.storyboard;
			sourceTree = "<group>";
		};
		845C3F5F1EAB2A0C00BFD608 /* LaunchScreen.storyboard */ = {
			isa = PBXVariantGroup;
			children = (
				845C3F601EAB2A0C00BFD608 /* Base */,
			);
			name = LaunchScreen.storyboard;
			sourceTree = "<group>";
		};
/* End PBXVariantGroup section */

/* Begin XCBuildConfiguration section */
		845C3F631EAB2A0C00BFD608 /* Debug */ = {
			isa = XCBuildConfiguration;
			buildSettings = {
				ALWAYS_SEARCH_USER_PATHS = NO;
				CLANG_ANALYZER_NONNULL = YES;
				CLANG_ANALYZER_NUMBER_OBJECT_CONVERSION = YES_AGGRESSIVE;
				CLANG_CXX_LANGUAGE_STANDARD = "gnu++0x";
				CLANG_CXX_LIBRARY = "libc++";
				CLANG_ENABLE_MODULES = YES;
				CLANG_ENABLE_OBJC_ARC = YES;
				CLANG_WARN_BOOL_CONVERSION = YES;
				CLANG_WARN_CONSTANT_CONVERSION = YES;
				CLANG_WARN_DIRECT_OBJC_ISA_USAGE = YES_ERROR;
				CLANG_WARN_DOCUMENTATION_COMMENTS = YES;
				CLANG_WARN_EMPTY_BODY = YES;
				CLANG_WARN_ENUM_CONVERSION = YES;
				CLANG_WARN_INFINITE_RECURSION = YES;
				CLANG_WARN_INT_CONVERSION = YES;
				CLANG_WARN_OBJC_ROOT_CLASS = YES_ERROR;
				CLANG_WARN_SUSPICIOUS_MOVE = YES;
				CLANG_WARN_UNREACHABLE_CODE = YES;
				CLANG_WARN__DUPLICATE_METHOD_MATCH = YES;
				"CODE_SIGN_IDENTITY[sdk=iphoneos*]" = "iPhone Developer";
				COPY_PHASE_STRIP = NO;
				DEBUG_INFORMATION_FORMAT = dwarf;
				ENABLE_STRICT_OBJC_MSGSEND = YES;
				ENABLE_TESTABILITY = YES;
				GCC_C_LANGUAGE_STANDARD = gnu99;
				GCC_DYNAMIC_NO_PIC = NO;
				GCC_NO_COMMON_BLOCKS = YES;
				GCC_OPTIMIZATION_LEVEL = 0;
				GCC_PREPROCESSOR_DEFINITIONS = (
					"DEBUG=1",
					"$(inherited)",
				);
				GCC_WARN_64_TO_32_BIT_CONVERSION = YES;
				GCC_WARN_ABOUT_RETURN_TYPE = YES_ERROR;
				GCC_WARN_UNDECLARED_SELECTOR = YES;
				GCC_WARN_UNINITIALIZED_AUTOS = YES_AGGRESSIVE;
				GCC_WARN_UNUSED_FUNCTION = YES;
				GCC_WARN_UNUSED_VARIABLE = YES;
				IPHONEOS_DEPLOYMENT_TARGET = 10.3;
				MTL_ENABLE_DEBUG_INFO = YES;
				ONLY_ACTIVE_ARCH = YES;
				SDKROOT = iphoneos;
				SWIFT_ACTIVE_COMPILATION_CONDITIONS = DEBUG;
				SWIFT_OPTIMIZATION_LEVEL = "-Onone";
				TARGETED_DEVICE_FAMILY = "1,2";
			};
			name = Debug;
		};
		845C3F641EAB2A0C00BFD608 /* Release */ = {
			isa = XCBuildConfiguration;
			buildSettings = {
				ALWAYS_SEARCH_USER_PATHS = NO;
				CLANG_ANALYZER_NONNULL = YES;
				CLANG_ANALYZER_NUMBER_OBJECT_CONVERSION = YES_AGGRESSIVE;
				CLANG_CXX_LANGUAGE_STANDARD = "gnu++0x";
				CLANG_CXX_LIBRARY = "libc++";
				CLANG_ENABLE_MODULES = YES;
				CLANG_ENABLE_OBJC_ARC = YES;
				CLANG_WARN_BOOL_CONVERSION = YES;
				CLANG_WARN_CONSTANT_CONVERSION = YES;
				CLANG_WARN_DIRECT_OBJC_ISA_USAGE = YES_ERROR;
				CLANG_WARN_DOCUMENTATION_COMMENTS = YES;
				CLANG_WARN_EMPTY_BODY = YES;
				CLANG_WARN_ENUM_CONVERSION = YES;
				CLANG_WARN_INFINITE_RECURSION = YES;
				CLANG_WARN_INT_CONVERSION = YES;
				CLANG_WARN_OBJC_ROOT_CLASS = YES_ERROR;
				CLANG_WARN_SUSPICIOUS_MOVE = YES;
				CLANG_WARN_UNREACHABLE_CODE = YES;
				CLANG_WARN__DUPLICATE_METHOD_MATCH = YES;
				"CODE_SIGN_IDENTITY[sdk=iphoneos*]" = "iPhone Developer";
				COPY_PHASE_STRIP = NO;
				DEBUG_INFORMATION_FORMAT = "dwarf-with-dsym";
				ENABLE_NS_ASSERTIONS = NO;
				ENABLE_STRICT_OBJC_MSGSEND = YES;
				GCC_C_LANGUAGE_STANDARD = gnu99;
				GCC_NO_COMMON_BLOCKS = YES;
				GCC_WARN_64_TO_32_BIT_CONVERSION = YES;
				GCC_WARN_ABOUT_RETURN_TYPE = YES_ERROR;
				GCC_WARN_UNDECLARED_SELECTOR = YES;
				GCC_WARN_UNINITIALIZED_AUTOS = YES_AGGRESSIVE;
				GCC_WARN_UNUSED_FUNCTION = YES;
				GCC_WARN_UNUSED_VARIABLE = YES;
				IPHONEOS_DEPLOYMENT_TARGET = 10.3;
				MTL_ENABLE_DEBUG_INFO = NO;
				SDKROOT = iphoneos;
				SWIFT_OPTIMIZATION_LEVEL = "-Owholemodule";
				TARGETED_DEVICE_FAMILY = "1,2";
				VALIDATE_PRODUCT = YES;
			};
			name = Release;
		};
		845C3F661EAB2A0C00BFD608 /* Debug */ = {
			isa = XCBuildConfiguration;
			buildSettings = {
				ASSETCATALOG_COMPILER_APPICON_NAME = AppIcon;
				INFOPLIST_FILE = gazette/Info.plist;
				IPHONEOS_DEPLOYMENT_TARGET = 9.0;
				LD_RUNPATH_SEARCH_PATHS = "$(inherited) @executable_path/Frameworks";
				PRODUCT_BUNDLE_IDENTIFIER = com.areatak.gazette;
				PRODUCT_NAME = "$(TARGET_NAME)";
				SWIFT_VERSION = 3.0;
			};
			name = Debug;
		};
		845C3F671EAB2A0C00BFD608 /* Release */ = {
			isa = XCBuildConfiguration;
			buildSettings = {
				ASSETCATALOG_COMPILER_APPICON_NAME = AppIcon;
				INFOPLIST_FILE = gazette/Info.plist;
				IPHONEOS_DEPLOYMENT_TARGET = 9.0;
				LD_RUNPATH_SEARCH_PATHS = "$(inherited) @executable_path/Frameworks";
				PRODUCT_BUNDLE_IDENTIFIER = com.areatak.gazette;
				PRODUCT_NAME = "$(TARGET_NAME)";
				SWIFT_VERSION = 3.0;
			};
			name = Release;
		};
/* End XCBuildConfiguration section */

/* Begin XCConfigurationList section */
		845C3F4E1EAB2A0C00BFD608 /* Build configuration list for PBXProject "gazette" */ = {
			isa = XCConfigurationList;
			buildConfigurations = (
				845C3F631EAB2A0C00BFD608 /* Debug */,
				845C3F641EAB2A0C00BFD608 /* Release */,
			);
			defaultConfigurationIsVisible = 0;
			defaultConfigurationName = Release;
		};
		845C3F651EAB2A0C00BFD608 /* Build configuration list for PBXNativeTarget "gazette" */ = {
			isa = XCConfigurationList;
			buildConfigurations = (
				845C3F661EAB2A0C00BFD608 /* Debug */,
				845C3F671EAB2A0C00BFD608 /* Release */,
			);
			defaultConfigurationIsVisible = 0;
		};
/* End XCConfigurationList section */
	};
	rootObject = 845C3F4B1EAB2A0C00BFD608 /* Project object */;
}
